---
mruby:
  version: 3.4.0
  release_no: 30400
  git_commit: 54ee91156a360ae3a3b39778f5e4fc7de7eed72b
builds:
  host:
    https://github.com/buty4649/mruby-tiny-optparse.git:
      url: https://github.com/buty4649/mruby-tiny-optparse.git
      branch: main
      commit: 40423f1e2f940ff9e716b4580d6a5ae6a4410068
      version: 0.1.0
    https://github.com/buty4649/mruby-test-stub.git:
      url: https://github.com/buty4649/mruby-test-stub.git
      branch: main
      commit: c89130b3131daa4e98048528ab5aaee3cc870ab3
      version: 1.0.0
